# THIS IS AN AUTOGENERATED FILE. DO NOT EDIT THIS FILE DIRECTLY.
# yarn lockfile v1


"@ai-sdk/azure@3.0.21":
  version "3.0.21"
  resolved "https://nexus-emea.1dc.com/repository/registry-npmjs-org/@ai-sdk/azure/-/azure-3.0.21.tgz#16bec800340e6a7d53497a7a2d22da47573e5fbe"
  integrity sha512-Qf49pHvAh9SZYcc2ZlCf1pLluru7sCs0NLQLujoFH2+09Cozu8MlFthsTdH1ErlwQ+dzETEFbWPZQdw+ACbuKw==
  dependencies:
    "@ai-sdk/openai" "3.0.21"
    "@ai-sdk/provider" "3.0.5"
    "@ai-sdk/provider-utils" "4.0.10"

"@ai-sdk/openai@3.0.21":
  version "3.0.21"
  resolved "https://nexus-emea.1dc.com/repository/registry-npmjs-org/@ai-sdk/openai/-/openai-3.0.21.tgz#1dd8d60c7d51cc06923463fe0cac3c6f3a3bed8b"
  integrity sha512-6RzVqDNoJOptlMD4Wn9D2pZytiVgzeJSpm+E3Yvb2mO51CtklqhLmNur+DW2RpP/cGKgBDCbyns3yoJUd1hIhQ==
  dependencies:
    "@ai-sdk/provider" "3.0.5"
    "@ai-sdk/provider-utils" "4.0.10"

"@ai-sdk/provider-utils@4.0.10":
  version "4.0.10"
  resolved "https://nexus-emea.1dc.com/repository/registry-npmjs-org/@ai-sdk/provider-utils/-/provider-utils-4.0.10.tgz#fc12af97465fcb8b65fc2207ce684aa57cfbe844"
  integrity sha512-VeDAiCH+ZK8Xs4hb9Cw7pHlujWNL52RKe8TExOkrw6Ir1AmfajBZTb9XUdKOZO08RwQElIKA8+Ltm+Gqfo8djQ==
  dependencies:
    "@ai-sdk/provider" "3.0.5"
    "@standard-schema/spec" "^1.1.0"
    eventsource-parser "^3.0.6"

"@ai-sdk/provider@3.0.5":
  version "3.0.5"
  resolved "https://nexus-emea.1dc.com/repository/registry-npmjs-org/@ai-sdk/provider/-/provider-3.0.5.tgz#730c5acdc4f074c877a547c1492fafc81bdc4f53"
  integrity sha512-2Xmoq6DBJqmSl80U6V9z5jJSJP7ehaJJQMy2iFUqTay06wdCqTnPVBBQbtEL8RCChenL+q5DC5H5WzU3vV3v8w==
  dependencies:
    json-schema "^0.4.0"

"@opencode-ai/plugin@1.1.30":
  version "1.1.30"
  resolved "https://nexus-emea.1dc.com/repository/registry-npmjs-org/@opencode-ai/plugin/-/plugin-1.1.30.tgz#5d130df17039409f4d5aa97f835adb0f23dfd314"
  integrity sha512-xOHVSKMTbH6vjjgDSZUN1V53iC50wfRBkEfVBZmgs7LZtQx1/SzYNFoaQ84feakBO+wcfpoLVVqZHgFqCCsSVw==
  dependencies:
    "@opencode-ai/sdk" "1.1.30"
    zod "4.1.8"

"@opencode-ai/sdk@1.1.30":
  version "1.1.30"
  resolved "https://nexus-emea.1dc.com/repository/registry-npmjs-org/@opencode-ai/sdk/-/sdk-1.1.30.tgz#f4497c0dcd294f03b3d56f63673e255384dec1b5"
  integrity sha512-toFtWVnc6PCTTYdGQB03W/PYNBZcKpF87il7LTlg8L65Vim7X9rbRk64mM03hf8lU+5Heo6OUhtJV+9VaHYwgA==

"@standard-schema/spec@^1.1.0":
  version "1.1.0"
  resolved "https://nexus-emea.1dc.com/repository/registry-npmjs-org/@standard-schema/spec/-/spec-1.1.0.tgz#a79b55dbaf8604812f52d140b2c9ab41bc150bb8"
  integrity sha512-l2aFy5jALhniG5HgqrD6jXLi/rUWrKvqN/qJx6yoJsgKhblVd+iqqU4RCXavm/jPityDo5TCvKMnpjKnOriy0w==

eventsource-parser@^3.0.6:
  version "3.0.6"
  resolved "https://nexus-emea.1dc.com/repository/registry-npmjs-org/eventsource-parser/-/eventsource-parser-3.0.6.tgz#292e165e34cacbc936c3c92719ef326d4aeb4e90"
  integrity sha512-Vo1ab+QXPzZ4tCa8SwIHJFaSzy4R6SHf7BY79rFBDf0idraZWAkYrDjDj8uWaSm3S2TK+hJ7/t1CEmZ7jXw+pg==

json-schema@^0.4.0:
  version "0.4.0"
  resolved "https://nexus-emea.1dc.com/repository/registry-npmjs-org/json-schema/-/json-schema-0.4.0.tgz#f7de4cf6efab838ebaeb3236474cbba5a1930ab5"
  integrity sha512-es94M3nTIfsEPisRafak+HDLfHXnKBhV3vU5eqPcS3flIWqcxJWgXHXiey3YrpaNsanY5ei1VoYEbOzijuq9BA==

zod@4.1.8:
  version "4.1.8"
  resolved "https://nexus-emea.1dc.com/repository/registry-npmjs-org/zod/-/zod-4.1.8.tgz#54f024adc634dd185006a8415da2bdd495b9d92b"
  integrity sha512-5R1P+WwQqmmMIEACyzSvo4JXHY5WiAFHRMg+zBZKgKS+Q1viRa0C1hmUKtHltoIFKtIdki3pRxkmpP74jnNYHQ==
